
Microsoft Visual Studio Solution File, Format Version 12.00
# Visual Studio 15
Project("{FAE04EC0-301F-11D3-BF4B-00C04F79EFBC}") = "GeoQuizzXamarinAndroid.Droid", "Droid\GeoQuizzXamarinAndroid.Droid.csproj", "{3431122B-EF75-479E-838B-6D2EE187ABAC}"
EndProject
Global
	GlobalSection(SolutionConfigurationPlatforms) = preSolution
		Debug|Any CPU = Debug|Any CPU
		Release|Any CPU = Release|Any CPU
	EndGlobalSection
	GlobalSection(ProjectConfigurationPlatforms) = postSolution
		{3431122B-EF75-479E-838B-6D2EE187ABAC}.Debug|Any CPU.ActiveCfg = Debug|Any CPU
		{3431122B-EF75-479E-838B-6D2EE187ABAC}.Debug|Any CPU.Build.0 = Debug|Any CPU
		{3431122B-EF75-479E-838B-6D2EE187ABAC}.Release|Any CPU.ActiveCfg = Release|Any CPU
		{3431122B-EF75-479E-838B-6D2EE187ABAC}.Release|Any CPU.Build.0 = Release|Any CPU
	EndGlobalSection
EndGlobal
